// !$*UTF8*$!
{
	archiveVersion = 1;
	classes = {
	};
	objectVersion = 55;
	objects = {

/* Begin PBXBuildFile section */
		8AF0D6C827AA3EA8008B917F /* Tests_iOS.swift in Sources */ = {isa = PBXBuildFile; fileRef = 8AF0D6C727AA3EA8008B917F /* Tests_iOS.swift */; };
		8AF0D6CA27AA3EA8008B917F /* Tests_iOSLaunchTests.swift in Sources */ = {isa = PBXBuildFile; fileRef = 8AF0D6C927AA3EA8008B917F /* Tests_iOSLaunchTests.swift */; };
		8AF0D6D427AA3EA8008B917F /* Tests_macOS.swift in Sources */ = {isa = PBXBuildFile; fileRef = 8AF0D6D327AA3EA8008B917F /* Tests_macOS.swift */; };
		8AF0D6D627AA3EA8008B917F /* Tests_macOSLaunchTests.swift in Sources */ = {isa = PBXBuildFile; fileRef = 8AF0D6D527AA3EA8008B917F /* Tests_macOSLaunchTests.swift */; };
		8AF0D6D727AA3EA8008B917F /* multi_counterApp.swift in Sources */ = {isa = PBXBuildFile; fileRef = 8AF0D6AF27AA3EA7008B917F /* multi_counterApp.swift */; };
		8AF0D6D827AA3EA8008B917F /* multi_counterApp.swift in Sources */ = {isa = PBXBuildFile; fileRef = 8AF0D6AF27AA3EA7008B917F /* multi_counterApp.swift */; };
		8AF0D6D927AA3EA8008B917F /* ContentView.swift in Sources */ = {isa = PBXBuildFile; fileRef = 8AF0D6B027AA3EA7008B917F /* ContentView.swift */; };
		8AF0D6DA27AA3EA8008B917F /* ContentView.swift in Sources */ = {isa = PBXBuildFile; fileRef = 8AF0D6B027AA3EA7008B917F /* ContentView.swift */; };
		8AF0D6DB27AA3EA8008B917F /* Assets.xcassets in Resources */ = {isa = PBXBuildFile; fileRef = 8AF0D6B127AA3EA7008B917F /* Assets.xcassets */; };
		8AF0D6DC27AA3EA8008B917F /* Assets.xcassets in Resources */ = {isa = PBXBuildFile; fileRef = 8AF0D6B127AA3EA7008B917F /* Assets.xcassets */; };
		8AF0D6EC27AA4E2D008B917F /* Counter.swift in Sources */ = {isa = PBXBuildFile; fileRef = 8AF0D6EB27AA4E2D008B917F /* Counter.swift */; };
		8AF0D6ED27AA4E2D008B917F /* Counter.swift in Sources */ = {isa = PBXBuildFile; fileRef = 8AF0D6EB27AA4E2D008B917F /* Counter.swift */; };
/* End PBXBuildFile section */

/* Begin PBXContainerItemProxy section */
		8AF0D6C427AA3EA8008B917F /* PBXContainerItemProxy */ = {
			isa = PBXContainerItemProxy;
			containerPortal = 8AF0D6AA27AA3EA6008B917F /* Project object */;
			proxyType = 1;
			remoteGlobalIDString = 8AF0D6B527AA3EA7008B917F;
			remoteInfo = "multi-counter (iOS)";
		};
		8AF0D6D027AA3EA8008B917F /* PBXContainerItemProxy */ = {
			isa = PBXContainerItemProxy;
			containerPortal = 8AF0D6AA27AA3EA6008B917F /* Project object */;
			proxyType = 1;
			remoteGlobalIDString = 8AF0D6BB27AA3EA8008B917F;
			remoteInfo = "multi-counter (macOS)";
		};
/* End PBXContainerItemProxy section */

/* Begin PBXFileReference section */
		8AF0D6AF27AA3EA7008B917F /* multi_counterApp.swift */ = {isa = PBXFileReference; lastKnownFileType = sourcecode.swift; path = multi_counterApp.swift; sourceTree = "<group>"; };
		8AF0D6B027AA3EA7008B917F /* ContentView.swift */ = {isa = PBXFileReference; lastKnownFileType = sourcecode.swift; path = ContentView.swift; sourceTree = "<group>"; };
		8AF0D6B127AA3EA7008B917F /* Assets.xcassets */ = {isa = PBXFileReference; lastKnownFileType = folder.assetcatalog; path = Assets.xcassets; sourceTree = "<group>"; };
		8AF0D6B627AA3EA7008B917F /* multi-counter.app */ = {isa = PBXFileReference; explicitFileType = wrapper.application; includeInIndex = 0; path = "multi-counter.app"; sourceTree = BUILT_PRODUCTS_DIR; };
		8AF0D6BC27AA3EA8008B917F /* multi-counter.app */ = {isa = PBXFileReference; explicitFileType = wrapper.application; includeInIndex = 0; path = "multi-counter.app"; sourceTree = BUILT_PRODUCTS_DIR; };
		8AF0D6BE27AA3EA8008B917F /* macOS.entitlements */ = {isa = PBXFileReference; lastKnownFileType = text.plist.entitlements; path = macOS.entitlements; sourceTree = "<group>"; };
		8AF0D6C327AA3EA8008B917F /* Tests iOS.xctest */ = {isa = PBXFileReference; explicitFileType = wrapper.cfbundle; includeInIndex = 0; path = "Tests iOS.xctest"; sourceTree = BUILT_PRODUCTS_DIR; };
		8AF0D6C727AA3EA8008B917F /* Tests_iOS.swift */ = {isa = PBXFileReference; lastKnownFileType = sourcecode.swift; path = Tests_iOS.swift; sourceTree = "<group>"; };
		8AF0D6C927AA3EA8008B917F /* Tests_iOSLaunchTests.swift */ = {isa = PBXFileReference; lastKnownFileType = sourcecode.swift; path = Tests_iOSLaunchTests.swift; sourceTree = "<group>"; };
		8AF0D6CF27AA3EA8008B917F /* Tests macOS.xctest */ = {isa = PBXFileReference; explicitFileType = wrapper.cfbundle; includeInIndex = 0; path = "Tests macOS.xctest"; sourceTree = BUILT_PRODUCTS_DIR; };
		8AF0D6D327AA3EA8008B917F /* Tests_macOS.swift */ = {isa = PBXFileReference; lastKnownFileType = sourcecode.swift; path = Tests_macOS.swift; sourceTree = "<group>"; };
		8AF0D6D527AA3EA8008B917F /* Tests_macOSLaunchTests.swift */ = {isa = PBXFileReference; lastKnownFileType = sourcecode.swift; path = Tests_macOSLaunchTests.swift; sourceTree = "<group>"; };
		8AF0D6EB27AA4E2D008B917F /* Counter.swift */ = {isa = PBXFileReference; lastKnownFileType = sourcecode.swift; path = Counter.swift; sourceTree = "<group>"; };
/* End PBXFileReference section */

/* Begin PBXFrameworksBuildPhase section */
		8AF0D6B327AA3EA7008B917F /* Frameworks */ = {
			isa = PBXFrameworksBuildPhase;
			buildActionMask = 2147483647;
			files = (
			);
			runOnlyForDeploymentPostprocessing = 0;
		};
		8AF0D6B927AA3EA8008B917F /* Frameworks */ = {
			isa = PBXFrameworksBuildPhase;
			buildActionMask = 2147483647;
			files = (
			);
			runOnlyForDeploymentPostprocessing = 0;
		};
		8AF0D6C027AA3EA8008B917F /* Frameworks */ = {
			isa = PBXFrameworksBuildPhase;
			buildActionMask = 2147483647;
			files = (
			);
			runOnlyForDeploymentPostprocessing = 0;
		};
		8AF0D6CC27AA3EA8008B917F /* Frameworks */ = {
			isa = PBXFrameworksBuildPhase;
			buildActionMask = 2147483647;
			files = (
			);
			runOnlyForDeploymentPostprocessing = 0;
		};
/* End PBXFrameworksBuildPhase section */

/* Begin PBXGroup section */
		8AF0D6A927AA3EA6008B917F = {
			isa = PBXGroup;
			children = (
				8AF0D6B027AA3EA7008B917F /* ContentView.swift */,
				8AF0D6AE27AA3EA6008B917F /* Shared */,
				8AF0D6BD27AA3EA8008B917F /* macOS */,
				8AF0D6C627AA3EA8008B917F /* Tests iOS */,
				8AF0D6D227AA3EA8008B917F /* Tests macOS */,
				8AF0D6B727AA3EA7008B917F /* Products */,
			);
			sourceTree = "<group>";
		};
		8AF0D6AE27AA3EA6008B917F /* Shared */ = {
			isa = PBXGroup;
			children = (
				8AF0D6EE27AA691F008B917F /* Components */,
				8AF0D6AF27AA3EA7008B917F /* multi_counterApp.swift */,
				8AF0D6B127AA3EA7008B917F /* Assets.xcassets */,
			);
			path = Shared;
			sourceTree = "<group>";
		};
		8AF0D6B727AA3EA7008B917F /* Products */ = {
			isa = PBXGroup;
			children = (
				8AF0D6B627AA3EA7008B917F /* multi-counter.app */,
				8AF0D6BC27AA3EA8008B917F /* multi-counter.app */,
				8AF0D6C327AA3EA8008B917F /* Tests iOS.xctest */,
				8AF0D6CF27AA3EA8008B917F /* Tests macOS.xctest */,
			);
			name = Products;
			sourceTree = "<group>";
		};
		8AF0D6BD27AA3EA8008B917F /* macOS */ = {
			isa = PBXGroup;
			children = (
				8AF0D6BE27AA3EA8008B917F /* macOS.entitlements */,
			);
			path = macOS;
			sourceTree = "<group>";
		};
		8AF0D6C627AA3EA8008B917F /* Tests iOS */ = {
			isa = PBXGroup;
			children = (
				8AF0D6C727AA3EA8008B917F /* Tests_iOS.swift */,
				8AF0D6C927AA3EA8008B917F /* Tests_iOSLaunchTests.swift */,
			);
			path = "Tests iOS";
			sourceTree = "<group>";
		};
		8AF0D6D227AA3EA8008B917F /* Tests macOS */ = {
			isa = PBXGroup;
			children = (
				8AF0D6D327AA3EA8008B917F /* Tests_macOS.swift */,
				8AF0D6D527AA3EA8008B917F /* Tests_macOSLaunchTests.swift */,
			);
			path = "Tests macOS";
			sourceTree = "<group>";
		};
		8AF0D6EE27AA691F008B917F /* Components */ = {
			isa = PBXGroup;
			children = (
				8AF0D6EB27AA4E2D008B917F /* Counter.swift */,
			);
			path = Components;
			sourceTree = "<group>";
		};
/* End PBXGroup section */

/* Begin PBXNativeTarget section */
		8AF0D6B527AA3EA7008B917F /* multi-counter (iOS) */ = {
			isa = PBXNativeTarget;
			buildConfigurationList = 8AF0D6DF27AA3EA8008B917F /* Build configuration list for PBXNativeTarget "multi-counter (iOS)" */;
			buildPhases = (
				8AF0D6B227AA3EA7008B917F /* Sources */,
				8AF0D6B327AA3EA7008B917F /* Frameworks */,
				8AF0D6B427AA3EA7008B917F /* Resources */,
			);
			buildRules = (
			);
			dependencies = (
			);
			name = "multi-counter (iOS)";
			productName = "multi-counter (iOS)";
			productReference = 8AF0D6B627AA3EA7008B917F /* multi-counter.app */;
			productType = "com.apple.product-type.application";
		};
		8AF0D6BB27AA3EA8008B917F /* multi-counter (macOS) */ = {
			isa = PBXNativeTarget;
			buildConfigurationList = 8AF0D6E227AA3EA8008B917F /* Build configuration list for PBXNativeTarget "multi-counter (macOS)" */;
			buildPhases = (
				8AF0D6B827AA3EA8008B917F /* Sources */,
				8AF0D6B927AA3EA8008B917F /* Frameworks */,
				8AF0D6BA27AA3EA8008B917F /* Resources */,
			);
			buildRules = (
			);
			dependencies = (
			);
			name = "multi-counter (macOS)";
			productName = "multi-counter (macOS)";
			productReference = 8AF0D6BC27AA3EA8008B917F /* multi-counter.app */;
			productType = "com.apple.product-type.application";
		};
		8AF0D6C227AA3EA8008B917F /* Tests iOS */ = {
			isa = PBXNativeTarget;
			buildConfigurationList = 8AF0D6E527AA3EA8008B917F /* Build configuration list for PBXNativeTarget "Tests iOS" */;
			buildPhases = (
				8AF0D6BF27AA3EA8008B917F /* Sources */,
				8AF0D6C027AA3EA8008B917F /* Frameworks */,
				8AF0D6C127AA3EA8008B917F /* Resources */,
			);
			buildRules = (
			);
			dependencies = (
				8AF0D6C527AA3EA8008B917F /* PBXTargetDependency */,
			);
			name = "Tests iOS";
			productName = "Tests iOS";
			productReference = 8AF0D6C327AA3EA8008B917F /* Tests iOS.xctest */;
			productType = "com.apple.product-type.bundle.ui-testing";
		};
		8AF0D6CE27AA3EA8008B917F /* Tests macOS */ = {
			isa = PBXNativeTarget;
			buildConfigurationList = 8AF0D6E827AA3EA8008B917F /* Build configuration list for PBXNativeTarget "Tests macOS" */;
			buildPhases = (
				8AF0D6CB27AA3EA8008B917F /* Sources */,
				8AF0D6CC27AA3EA8008B917F /* Frameworks */,
				8AF0D6CD27AA3EA8008B917F /* Resources */,
			);
			buildRules = (
			);
			dependencies = (
				8AF0D6D127AA3EA8008B917F /* PBXTargetDependency */,
			);
			name = "Tests macOS";
			productName = "Tests macOS";
			productReference = 8AF0D6CF27AA3EA8008B917F /* Tests macOS.xctest */;
			productType = "com.apple.product-type.bundle.ui-testing";
		};
/* End PBXNativeTarget section */

/* Begin PBXProject section */
		8AF0D6AA27AA3EA6008B917F /* Project object */ = {
			isa = PBXProject;
			attributes = {
				BuildIndependentTargetsInParallel = 1;
				LastSwiftUpdateCheck = 1320;
				LastUpgradeCheck = 1320;
				TargetAttributes = {
					8AF0D6B527AA3EA7008B917F = {
						CreatedOnToolsVersion = 13.2.1;
					};
					8AF0D6BB27AA3EA8008B917F = {
						CreatedOnToolsVersion = 13.2.1;
					};
					8AF0D6C227AA3EA8008B917F = {
						CreatedOnToolsVersion = 13.2.1;
						TestTargetID = 8AF0D6B527AA3EA7008B917F;
					};
					8AF0D6CE27AA3EA8008B917F = {
						CreatedOnToolsVersion = 13.2.1;
						TestTargetID = 8AF0D6BB27AA3EA8008B917F;
					};
				};
			};
			buildConfigurationList = 8AF0D6AD27AA3EA6008B917F /* Build configuration list for PBXProject "multi-counter" */;
			compatibilityVersion = "Xcode 13.0";
			developmentRegion = en;
			hasScannedForEncodings = 0;
			knownRegions = (
				en,
				Base,
			);
			mainGroup = 8AF0D6A927AA3EA6008B917F;
			productRefGroup = 8AF0D6B727AA3EA7008B917F /* Products */;
			projectDirPath = "";
			projectRoot = "";
			targets = (
				8AF0D6B527AA3EA7008B917F /* multi-counter (iOS) */,
				8AF0D6BB27AA3EA8008B917F /* multi-counter (macOS) */,
				8AF0D6C227AA3EA8008B917F /* Tests iOS */,
				8AF0D6CE27AA3EA8008B917F /* Tests macOS */,
			);
		};
/* End PBXProject section */

/* Begin PBXResourcesBuildPhase section */
		8AF0D6B427AA3EA7008B917F /* Resources */ = {
			isa = PBXResourcesBuildPhase;
			buildActionMask = 2147483647;
			files = (
				8AF0D6DB27AA3EA8008B917F /* Assets.xcassets in Resources */,
			);
			runOnlyForDeploymentPostprocessing = 0;
		};
		8AF0D6BA27AA3EA8008B917F /* Resources */ = {
			isa = PBXResourcesBuildPhase;
			buildActionMask = 2147483647;
			files = (
				8AF0D6DC27AA3EA8008B917F /* Assets.xcassets in Resources */,
			);
			runOnlyForDeploymentPostprocessing = 0;
		};
		8AF0D6C127AA3EA8008B917F /* Resources */ = {
			isa = PBXResourcesBuildPhase;
			buildActionMask = 2147483647;
			files = (
			);
			runOnlyForDeploymentPostprocessing = 0;
		};
		8AF0D6CD27AA3EA8008B917F /* Resources */ = {
			isa = PBXResourcesBuildPhase;
			buildActionMask = 2147483647;
			files = (
			);
			runOnlyForDeploymentPostprocessing = 0;
		};
/* End PBXResourcesBuildPhase section */

/* Begin PBXSourcesBuildPhase section */
		8AF0D6B227AA3EA7008B917F /* Sources */ = {
			isa = PBXSourcesBuildPhase;
			buildActionMask = 2147483647;
			files = (
				8AF0D6D927AA3EA8008B917F /* ContentView.swift in Sources */,
				8AF0D6D727AA3EA8008B917F /* multi_counterApp.swift in Sources */,
				8AF0D6EC27AA4E2D008B917F /* Counter.swift in Sources */,
			);
			runOnlyForDeploymentPostprocessing = 0;
		};
		8AF0D6B827AA3EA8008B917F /* Sources */ = {
			isa = PBXSourcesBuildPhase;
			buildActionMask = 2147483647;
			files = (
				8AF0D6DA27AA3EA8008B917F /* ContentView.swift in Sources */,
				8AF0D6D827AA3EA8008B917F /* multi_counterApp.swift in Sources */,
				8AF0D6ED27AA4E2D008B917F /* Counter.swift in Sources */,
			);
			runOnlyForDeploymentPostprocessing = 0;
		};
		8AF0D6BF27AA3EA8008B917F /* Sources */ = {
			isa = PBXSourcesBuildPhase;
			buildActionMask = 2147483647;
			files = (
				8AF0D6CA27AA3EA8008B917F /* Tests_iOSLaunchTests.swift in Sources */,
				8AF0D6C827AA3EA8008B917F /* Tests_iOS.swift in Sources */,
			);
			runOnlyForDeploymentPostprocessing = 0;
		};
		8AF0D6CB27AA3EA8008B917F /* Sources */ = {
			isa = PBXSourcesBuildPhase;
			buildActionMask = 2147483647;
			files = (
				8AF0D6D627AA3EA8008B917F /* Tests_macOSLaunchTests.swift in Sources */,
				8AF0D6D427AA3EA8008B917F /* Tests_macOS.swift in Sources */,
			);
			runOnlyForDeploymentPostprocessing = 0;
		};
/* End PBXSourcesBuildPhase section */

/* Begin PBXTargetDependency section */
		8AF0D6C527AA3EA8008B917F /* PBXTargetDependency */ = {
			isa = PBXTargetDependency;
			target = 8AF0D6B527AA3EA7008B917F /* multi-counter (iOS) */;
			targetProxy = 8AF0D6C427AA3EA8008B917F /* PBXContainerItemProxy */;
		};
		8AF0D6D127AA3EA8008B917F /* PBXTargetDependency */ = {
			isa = PBXTargetDependency;
			target = 8AF0D6BB27AA3EA8008B917F /* multi-counter (macOS) */;
			targetProxy = 8AF0D6D027AA3EA8008B917F /* PBXContainerItemProxy */;
		};
/* End PBXTargetDependency section */

/* Begin XCBuildConfiguration section */
		8AF0D6DD27AA3EA8008B917F /* Debug */ = {
			isa = XCBuildConfiguration;
			buildSettings = {
				ALWAYS_SEARCH_USER_PATHS = NO;
				CLANG_ANALYZER_NONNULL = YES;
				CLANG_ANALYZER_NUMBER_OBJECT_CONVERSION = YES_AGGRESSIVE;
				CLANG_CXX_LANGUAGE_STANDARD = "gnu++17";
				CLANG_CXX_LIBRARY = "libc++";
				CLANG_ENABLE_MODULES = YES;
				CLANG_ENABLE_OBJC_ARC = YES;
				CLANG_ENABLE_OBJC_WEAK = YES;
				CLANG_WARN_BLOCK_CAPTURE_AUTORELEASING = YES;
				CLANG_WARN_BOOL_CONVERSION = YES;
				CLANG_WARN_COMMA = YES;
				CLANG_WARN_CONSTANT_CONVERSION = YES;
				CLANG_WARN_DEPRECATED_OBJC_IMPLEMENTATIONS = YES;
				CLANG_WARN_DIRECT_OBJC_ISA_USAGE = YES_ERROR;
				CLANG_WARN_DOCUMENTATION_COMMENTS = YES;
				CLANG_WARN_EMPTY_BODY = YES;
				CLANG_WARN_ENUM_CONVERSION = YES;
				CLANG_WARN_INFINITE_RECURSION = YES;
				CLANG_WARN_INT_CONVERSION = YES;
				CLANG_WARN_NON_LITERAL_NULL_CONVERSION = YES;
				CLANG_WARN_OBJC_IMPLICIT_RETAIN_SELF = YES;
				CLANG_WARN_OBJC_LITERAL_CONVERSION = YES;
				CLANG_WARN_OBJC_ROOT_CLASS = YES_ERROR;
				CLANG_WARN_QUOTED_INCLUDE_IN_FRAMEWORK_HEADER = YES;
				CLANG_WARN_RANGE_LOOP_ANALYSIS = YES;
				CLANG_WARN_STRICT_PROTOTYPES = YES;
				CLANG_WARN_SUSPICIOUS_MOVE = YES;
				CLANG_WARN_UNGUARDED_AVAILABILITY = YES_AGGRESSIVE;
				CLANG_WARN_UNREACHABLE_CODE = YES;
				CLANG_WARN__DUPLICATE_METHOD_MATCH = YES;
				COPY_PHASE_STRIP = NO;
				DEBUG_INFORMATION_FORMAT = dwarf;
				ENABLE_STRICT_OBJC_MSGSEND = YES;
				ENABLE_TESTABILITY = YES;
				GCC_C_LANGUAGE_STANDARD = gnu11;
				GCC_DYNAMIC_NO_PIC = NO;
				GCC_NO_COMMON_BLOCKS = YES;
				GCC_OPTIMIZATION_LEVEL = 0;
				GCC_PREPROCESSOR_DEFINITIONS = (
					"DEBUG=1",
					"$(inherited)",
				);
				GCC_WARN_64_TO_32_BIT_CONVERSION = YES;
				GCC_WARN_ABOUT_RETURN_TYPE = YES_ERROR;
				GCC_WARN_UNDECLARED_SELECTOR = YES;
				GCC_WARN_UNINITIALIZED_AUTOS = YES_AGGRESSIVE;
				GCC_WARN_UNUSED_FUNCTION = YES;
				GCC_WARN_UNUSED_VARIABLE = YES;
				MTL_ENABLE_DEBUG_INFO = INCLUDE_SOURCE;
				MTL_FAST_MATH = YES;
				ONLY_ACTIVE_ARCH = YES;
				SWIFT_ACTIVE_COMPILATION_CONDITIONS = DEBUG;
				SWIFT_OPTIMIZATION_LEVEL = "-Onone";
			};
			name = Debug;
		};
		8AF0D6DE27AA3EA8008B917F /* Release */ = {
			isa = XCBuildConfiguration;
			buildSettings = {
				ALWAYS_SEARCH_USER_PATHS = NO;
				CLANG_ANALYZER_NONNULL = YES;
				CLANG_ANALYZER_NUMBER_OBJECT_CONVERSION = YES_AGGRESSIVE;
				CLANG_CXX_LANGUAGE_STANDARD = "gnu++17";
				CLANG_CXX_LIBRARY = "libc++";
				CLANG_ENABLE_MODULES = YES;
				CLANG_ENABLE_OBJC_ARC = YES;
				CLANG_ENABLE_OBJC_WEAK = YES;
				CLANG_WARN_BLOCK_CAPTURE_AUTORELEASING = YES;
				CLANG_WARN_BOOL_CONVERSION = YES;
				CLANG_WARN_COMMA = YES;
				CLANG_WARN_CONSTANT_CONVERSION = YES;
				CLANG_WARN_DEPRECATED_OBJC_IMPLEMENTATIONS = YES;
				CLANG_WARN_DIRECT_OBJC_ISA_USAGE = YES_ERROR;
				CLANG_WARN_DOCUMENTATION_COMMENTS = YES;
				CLANG_WARN_EMPTY_BODY = YES;
				CLANG_WARN_ENUM_CONVERSION = YES;
				CLANG_WARN_INFINITE_RECURSION = YES;
				CLANG_WARN_INT_CONVERSION = YES;
				CLANG_WARN_NON_LITERAL_NULL_CONVERSION = YES;
				CLANG_WARN_OBJC_IMPLICIT_RETAIN_SELF = YES;
				CLANG_WARN_OBJC_LITERAL_CONVERSION = YES;
				CLANG_WARN_OBJC_ROOT_CLASS = YES_ERROR;
				CLANG_WARN_QUOTED_INCLUDE_IN_FRAMEWORK_HEADER = YES;
				CLANG_WARN_RANGE_LOOP_ANALYSIS = YES;
				CLANG_WARN_STRICT_PROTOTYPES = YES;
				CLANG_WARN_SUSPICIOUS_MOVE = YES;
				CLANG_WARN_UNGUARDED_AVAILABILITY = YES_AGGRESSIVE;
				CLANG_WARN_UNREACHABLE_CODE = YES;
				CLANG_WARN__DUPLICATE_METHOD_MATCH = YES;
				COPY_PHASE_STRIP = NO;
				DEBUG_INFORMATION_FORMAT = "dwarf-with-dsym";
				ENABLE_NS_ASSERTIONS = NO;
				ENABLE_STRICT_OBJC_MSGSEND = YES;
				GCC_C_LANGUAGE_STANDARD = gnu11;
				GCC_NO_COMMON_BLOCKS = YES;
				GCC_WARN_64_TO_32_BIT_CONVERSION = YES;
				GCC_WARN_ABOUT_RETURN_TYPE = YES_ERROR;
				GCC_WARN_UNDECLARED_SELECTOR = YES;
				GCC_WARN_UNINITIALIZED_AUTOS = YES_AGGRESSIVE;
				GCC_WARN_UNUSED_FUNCTION = YES;
				GCC_WARN_UNUSED_VARIABLE = YES;
				MTL_ENABLE_DEBUG_INFO = NO;
				MTL_FAST_MATH = YES;
				SWIFT_COMPILATION_MODE = wholemodule;
				SWIFT_OPTIMIZATION_LEVEL = "-O";
			};
			name = Release;
		};
		8AF0D6E027AA3EA8008B917F /* Debug */ = {
			isa = XCBuildConfiguration;
			buildSettings = {
				ASSETCATALOG_COMPILER_APPICON_NAME = AppIcon;
				ASSETCATALOG_COMPILER_GLOBAL_ACCENT_COLOR_NAME = AccentColor;
				CODE_SIGN_STYLE = Automatic;
				CURRENT_PROJECT_VERSION = 1;
				ENABLE_PREVIEWS = YES;
				GENERATE_INFOPLIST_FILE = YES;
				INFOPLIST_KEY_UIApplicationSceneManifest_Generation = YES;
				INFOPLIST_KEY_UIApplicationSupportsIndirectInputEvents = YES;
				INFOPLIST_KEY_UILaunchScreen_Generation = YES;
				INFOPLIST_KEY_UISupportedInterfaceOrientations_iPad = "UIInterfaceOrientationPortrait UIInterfaceOrientationPortraitUpsideDown UIInterfaceOrientationLandscapeLeft UIInterfaceOrientationLandscapeRight";
				INFOPLIST_KEY_UISupportedInterfaceOrientations_iPhone = "UIInterfaceOrientationPortrait UIInterfaceOrientationLandscapeLeft UIInterfaceOrientationLandscapeRight";
				IPHONEOS_DEPLOYMENT_TARGET = 15.2;
				LD_RUNPATH_SEARCH_PATHS = (
					"$(inherited)",
					"@executable_path/Frameworks",
				);
				MARKETING_VERSION = 1.0;
				PRODUCT_BUNDLE_IDENTIFIER = "com.koichi.multi-counter";
				PRODUCT_NAME = "multi-counter";
				SDKROOT = iphoneos;
				SWIFT_EMIT_LOC_STRINGS = YES;
				SWIFT_VERSION = 5.0;
				TARGETED_DEVICE_FAMILY = "1,2";
			};
			name = Debug;
		};
		8AF0D6E127AA3EA8008B917F /* Release */ = {
			isa = XCBuildConfiguration;
			buildSettings = {
				ASSETCATALOG_COMPILER_APPICON_NAME = AppIcon;
				ASSETCATALOG_COMPILER_GLOBAL_ACCENT_COLOR_NAME = AccentColor;
				CODE_SIGN_STYLE = Automatic;
				CURRENT_PROJECT_VERSION = 1;
				ENABLE_PREVIEWS = YES;
				GENERATE_INFOPLIST_FILE = YES;
				INFOPLIST_KEY_UIApplicationSceneManifest_Generation = YES;
				INFOPLIST_KEY_UIApplicationSupportsIndirectInputEvents = YES;
				INFOPLIST_KEY_UILaunchScreen_Generation = YES;
				INFOPLIST_KEY_UISupportedInterfaceOrientations_iPad = "UIInterfaceOrientationPortrait UIInterfaceOrientationPortraitUpsideDown UIInterfaceOrientationLandscapeLeft UIInterfaceOrientationLandscapeRight";
				INFOPLIST_KEY_UISupportedInterfaceOrientations_iPhone = "UIInterfaceOrientationPortrait UIInterfaceOrientationLandscapeLeft UIInterfaceOrientationLandscapeRight";
				IPHONEOS_DEPLOYMENT_TARGET = 15.2;
				LD_RUNPATH_SEARCH_PATHS = (
					"$(inherited)",
					"@executable_path/Frameworks",
				);
				MARKETING_VERSION = 1.0;
				PRODUCT_BUNDLE_IDENTIFIER = "com.koichi.multi-counter";
				PRODUCT_NAME = "multi-counter";
				SDKROOT = iphoneos;
				SWIFT_EMIT_LOC_STRINGS = YES;
				SWIFT_VERSION = 5.0;
				TARGETED_DEVICE_FAMILY = "1,2";
				VALIDATE_PRODUCT = YES;
			};
			name = Release;
		};
		8AF0D6E327AA3EA8008B917F /* Debug */ = {
			isa = XCBuildConfiguration;
			buildSettings = {
				ASSETCATALOG_COMPILER_APPICON_NAME = AppIcon;
				ASSETCATALOG_COMPILER_GLOBAL_ACCENT_COLOR_NAME = AccentColor;
				CODE_SIGN_ENTITLEMENTS = macOS/macOS.entitlements;
				CODE_SIGN_STYLE = Automatic;
				COMBINE_HIDPI_IMAGES = YES;
				CURRENT_PROJECT_VERSION = 1;
				ENABLE_PREVIEWS = YES;
				GENERATE_INFOPLIST_FILE = YES;
				INFOPLIST_KEY_NSHumanReadableCopyright = "";
				LD_RUNPATH_SEARCH_PATHS = (
					"$(inherited)",
					"@executable_path/../Frameworks",
				);
				MACOSX_DEPLOYMENT_TARGET = 12.1;
				MARKETING_VERSION = 1.0;
				PRODUCT_BUNDLE_IDENTIFIER = "com.koichi.multi-counter";
				PRODUCT_NAME = "multi-counter";
				SDKROOT = macosx;
				SWIFT_EMIT_LOC_STRINGS = YES;
				SWIFT_VERSION = 5.0;
			};
			name = Debug;
		};
		8AF0D6E427AA3EA8008B917F /* Release */ = {
			isa = XCBuildConfiguration;
			buildSettings = {
				ASSETCATALOG_COMPILER_APPICON_NAME = AppIcon;
				ASSETCATALOG_COMPILER_GLOBAL_ACCENT_COLOR_NAME = AccentColor;
				CODE_SIGN_ENTITLEMENTS = macOS/macOS.entitlements;
				CODE_SIGN_STYLE = Automatic;
				COMBINE_HIDPI_IMAGES = YES;
				CURRENT_PROJECT_VERSION = 1;
				ENABLE_PREVIEWS = YES;
				GENERATE_INFOPLIST_FILE = YES;
				INFOPLIST_KEY_NSHumanReadableCopyright = "";
				LD_RUNPATH_SEARCH_PATHS = (
					"$(inherited)",
					"@executable_path/../Frameworks",
				);
				MACOSX_DEPLOYMENT_TARGET = 12.1;
				MARKETING_VERSION = 1.0;
				PRODUCT_BUNDLE_IDENTIFIER = "com.koichi.multi-counter";
				PRODUCT_NAME = "multi-counter";
				SDKROOT = macosx;
				SWIFT_EMIT_LOC_STRINGS = YES;
				SWIFT_VERSION = 5.0;
			};
			name = Release;
		};
		8AF0D6E627AA3EA8008B917F /* Debug */ = {
			isa = XCBuildConfiguration;
			buildSettings = {
				ALWAYS_EMBED_SWIFT_STANDARD_LIBRARIES = YES;
				CODE_SIGN_STYLE = Automatic;
				CURRENT_PROJECT_VERSION = 1;
				GENERATE_INFOPLIST_FILE = YES;
				IPHONEOS_DEPLOYMENT_TARGET = 15.2;
				MARKETING_VERSION = 1.0;
				PRODUCT_BUNDLE_IDENTIFIER = "com.koichi.Tests-iOS";
				PRODUCT_NAME = "$(TARGET_NAME)";
				SDKROOT = iphoneos;
				SWIFT_EMIT_LOC_STRINGS = NO;
				SWIFT_VERSION = 5.0;
				TARGETED_DEVICE_FAMILY = "1,2";
				TEST_TARGET_NAME = "multi-counter (iOS)";
			};
			name = Debug;
		};
		8AF0D6E727AA3EA8008B917F /* Release */ = {
			isa = XCBuildConfiguration;
			buildSettings = {
				ALWAYS_EMBED_SWIFT_STANDARD_LIBRARIES = YES;
				CODE_SIGN_STYLE = Automatic;
				CURRENT_PROJECT_VERSION = 1;
				GENERATE_INFOPLIST_FILE = YES;
				IPHONEOS_DEPLOYMENT_TARGET = 15.2;
				MARKETING_VERSION = 1.0;
				PRODUCT_BUNDLE_IDENTIFIER = "com.koichi.Tests-iOS";
				PRODUCT_NAME = "$(TARGET_NAME)";
				SDKROOT = iphoneos;
				SWIFT_EMIT_LOC_STRINGS = NO;
				SWIFT_VERSION = 5.0;
				TARGETED_DEVICE_FAMILY = "1,2";
				TEST_TARGET_NAME = "multi-counter (iOS)";
				VALIDATE_PRODUCT = YES;
			};
			name = Release;
		};
		8AF0D6E927AA3EA8008B917F /* Debug */ = {
			isa = XCBuildConfiguration;
			buildSettings = {
				ALWAYS_EMBED_SWIFT_STANDARD_LIBRARIES = YES;
				CODE_SIGN_STYLE = Automatic;
				CURRENT_PROJECT_VERSION = 1;
				GENERATE_INFOPLIST_FILE = YES;
				MACOSX_DEPLOYMENT_TARGET = 12.1;
				MARKETING_VERSION = 1.0;
				PRODUCT_BUNDLE_IDENTIFIER = "com.koichi.Tests-macOS";
				PRODUCT_NAME = "$(TARGET_NAME)";
				SDKROOT = macosx;
				SWIFT_EMIT_LOC_STRINGS = NO;
				SWIFT_VERSION = 5.0;
				TEST_TARGET_NAME = "multi-counter (macOS)";
			};
			name = Debug;
		};
		8AF0D6EA27AA3EA8008B917F /* Release */ = {
			isa = XCBuildConfiguration;
			buildSettings = {
				ALWAYS_EMBED_SWIFT_STANDARD_LIBRARIES = YES;
				CODE_SIGN_STYLE = Automatic;
				CURRENT_PROJECT_VERSION = 1;
				GENERATE_INFOPLIST_FILE = YES;
				MACOSX_DEPLOYMENT_TARGET = 12.1;
				MARKETING_VERSION = 1.0;
				PRODUCT_BUNDLE_IDENTIFIER = "com.koichi.Tests-macOS";
				PRODUCT_NAME = "$(TARGET_NAME)";
				SDKROOT = macosx;
				SWIFT_EMIT_LOC_STRINGS = NO;
				SWIFT_VERSION = 5.0;
				TEST_TARGET_NAME = "multi-counter (macOS)";
			};
			name = Release;
		};
/* End XCBuildConfiguration section */

/* Begin XCConfigurationList section */
		8AF0D6AD27AA3EA6008B917F /* Build configuration list for PBXProject "multi-counter" */ = {
			isa = XCConfigurationList;
			buildConfigurations = (
				8AF0D6DD27AA3EA8008B917F /* Debug */,
				8AF0D6DE27AA3EA8008B917F /* Release */,
			);
			defaultConfigurationIsVisible = 0;
			defaultConfigurationName = Release;
		};
		8AF0D6DF27AA3EA8008B917F /* Build configuration list for PBXNativeTarget "multi-counter (iOS)" */ = {
			isa = XCConfigurationList;
			buildConfigurations = (
				8AF0D6E027AA3EA8008B917F /* Debug */,
				8AF0D6E127AA3EA8008B917F /* Release */,
			);
			defaultConfigurationIsVisible = 0;
			defaultConfigurationName = Release;
		};
		8AF0D6E227AA3EA8008B917F /* Build configuration list for PBXNativeTarget "multi-counter (macOS)" */ = {
			isa = XCConfigurationList;
			buildConfigurations = (
				8AF0D6E327AA3EA8008B917F /* Debug */,
				8AF0D6E427AA3EA8008B917F /* Release */,
			);
			defaultConfigurationIsVisible = 0;
			defaultConfigurationName = Release;
		};
		8AF0D6E527AA3EA8008B917F /* Build configuration list for PBXNativeTarget "Tests iOS" */ = {
			isa = XCConfigurationList;
			buildConfigurations = (
				8AF0D6E627AA3EA8008B917F /* Debug */,
				8AF0D6E727AA3EA8008B917F /* Release */,
			);
			defaultConfigurationIsVisible = 0;
			defaultConfigurationName = Release;
		};
		8AF0D6E827AA3EA8008B917F /* Build configuration list for PBXNativeTarget "Tests macOS" */ = {
			isa = XCConfigurationList;
			buildConfigurations = (
				8AF0D6E927AA3EA8008B917F /* Debug */,
				8AF0D6EA27AA3EA8008B917F /* Release */,
			);
			defaultConfigurationIsVisible = 0;
			defaultConfigurationName = Release;
		};
/* End XCConfigurationList section */
	};
	rootObject = 8AF0D6AA27AA3EA6008B917F /* Project object */;
}
